{
  "name": "proj",
  "version": "1.0.0",
  "lockfileVersion": 1,
  "requires": true,
  "dependencies": {
    "bootstrap": {
      "version": "https://registry.npmjs.org/bootstrap/-/bootstrap-3.3.7.tgz",
      "integrity": "sha1-WjiTlFSfIzMIdaOxUGVldPip63E="
    },
    "currify": {
      "version": "2.0.6",
      "resolved": "https://registry.npmjs.org/currify/-/currify-2.0.6.tgz",
      "integrity": "sha512-F0lbcoBkA2FMcejFeHJkDEhQ1AvVkTpkn9PMzJch+7mHy5WdteZ9t+nhT6cOdga4uRay3rjvprgp8tUkixFy8w=="
    },
    "es6-promise": {
      "version": "https://registry.npmjs.org/es6-promise/-/es6-promise-4.1.1.tgz",
      "integrity": "sha1-iBHpCRXZoNujYnTwskLb2nj5ySo="
    },
    "fullstore": {
      "version": "1.0.0",
      "resolved": "https://registry.npmjs.org/fullstore/-/fullstore-1.0.0.tgz",
      "integrity": "sha1-7SIvR2kREHlrhTuykLkJHMe+oOw="
    },
    "jquery": {
      "version": "https://registry.npmjs.org/jquery/-/jquery-3.2.1.tgz",
      "integrity": "sha1-XE2d5lKvbNCncBVKYxu6ErAVx4c="
    },
    "smalltalk": {
      "version": "2.4.1",
      "resolved": "https://registry.npmjs.org/smalltalk/-/smalltalk-2.4.1.tgz",
      "integrity": "sha512-Aw70JGHPZfRoD0DPUeT6DgxbI5dLmCBwFgEq0TNXpxF6AWl+NTXZsbs5vqebMl3YAMV4fUbH+VAX4mJWtY3mmQ==",
      "requires": {
        "currify": "2.0.6",
        "es6-promise": "https://registry.npmjs.org/es6-promise/-/es6-promise-4.1.1.tgz",
        "fullstore": "1.0.0"
      }
    }
  }
}
